
Microsoft Visual Studio Solution File, Format Version 12.00
# Visual Studio Version 16
VisualStudioVersion = 16.0.29209.62
MinimumVisualStudioVersion = 10.0.40219.1
Project("{FAE04EC0-301F-11D3-BF4B-00C04F79EFBC}") = "WpfApp2", "WpfApp2\WpfApp2.csproj", "{CD0274A8-CED1-4BF7-A01E-A05CEFBFCE9A}"
EndProject
Global
	GlobalSection(SolutionConfigurationPlatforms) = preSolution
		Debug|Any CPU = Debug|Any CPU
		Release|Any CPU = Release|Any CPU
	EndGlobalSection
	GlobalSection(ProjectConfigurationPlatforms) = postSolution
		{CD0274A8-CED1-4BF7-A01E-A05CEFBFCE9A}.Debug|Any CPU.ActiveCfg = Debug|Any CPU
		{CD0274A8-CED1-4BF7-A01E-A05CEFBFCE9A}.Debug|Any CPU.Build.0 = Debug|Any CPU
		{CD0274A8-CED1-4BF7-A01E-A05CEFBFCE9A}.Release|Any CPU.ActiveCfg = Release|Any CPU
		{CD0274A8-CED1-4BF7-A01E-A05CEFBFCE9A}.Release|Any CPU.Build.0 = Release|Any CPU
	EndGlobalSection
	GlobalSection(SolutionProperties) = preSolution
		HideSolutionNode = FALSE
	EndGlobalSection
	GlobalSection(ExtensibilityGlobals) = postSolution
		SolutionGuid = {5C015C3C-528E-4263-BBF7-251FEA701402}
	EndGlobalSection
EndGlobal
